{
  "name": "z.js",
  "version": "1.0.0",
  "lockfileVersion": 1,
  "requires": true,
  "dependencies": {
    "diana": {
      "version": "0.2.4",
      "resolved": "https://registry.npmjs.org/diana/-/diana-0.2.4.tgz",
      "integrity": "sha512-G3bQ7C+I2/vShWq0A/WzYPDUwwgSfU6TzUVHavp692MtHUk4Us+kWVoyxYz1LSJbDvLLxm+B+odUK7A8AL62XA==",
      "requires": {
        "diana": "0.2.4"
      }
    }
  }
}
